
Microsoft Visual Studio Solution File, Format Version 12.00
# Visual Studio Version 16
VisualStudioVersion = 16.0.810.16
MinimumVisualStudioVersion = 10.0.40219.1
Project("{FAE04EC0-301F-11D3-BF4B-00C04F79EFBC}") = "BrewMasterWeb", "BrewMasterWeb\BrewMasterWeb.csproj", "{30D4EB64-8BCF-47ED-9765-ADC1A9051CB7}"
EndProject
Global
	GlobalSection(SolutionConfigurationPlatforms) = preSolution
		Debug|Any CPU = Debug|Any CPU
		Release|Any CPU = Release|Any CPU
	EndGlobalSection
	GlobalSection(ProjectConfigurationPlatforms) = postSolution
		{30D4EB64-8BCF-47ED-9765-ADC1A9051CB7}.Debug|Any CPU.ActiveCfg = Debug|Any CPU
		{30D4EB64-8BCF-47ED-9765-ADC1A9051CB7}.Debug|Any CPU.Build.0 = Debug|Any CPU
		{30D4EB64-8BCF-47ED-9765-ADC1A9051CB7}.Release|Any CPU.ActiveCfg = Release|Any CPU
		{30D4EB64-8BCF-47ED-9765-ADC1A9051CB7}.Release|Any CPU.Build.0 = Release|Any CPU
	EndGlobalSection
	GlobalSection(SolutionProperties) = preSolution
		HideSolutionNode = FALSE
	EndGlobalSection
	GlobalSection(ExtensibilityGlobals) = postSolution
		SolutionGuid = {5E07B61B-D906-4709-A7F8-3B21083E526A}
	EndGlobalSection
EndGlobal
